github.com/IBM/sarama v1.43.0/go.mod h1:zlE6HEbC/SMQ9mhEYaF7nNLYOUyrs0obySKCckWP9BM=
github.com/aws/aws-sdk-go-v2 v1.30.1/go.mod h1:nIQjQVp5sfpQcTc9mPSr1B0PaWK5ByX9MOoDadSN4lc=
github.com/aws/aws-sdk-go-v2/config v1.27.24/go.mod h1:aXzi6QJTuQRVVusAO8/NxpdTeTyr/wRcybdDtfUwJSs=
github.com/aws/aws-sdk-go-v2/service/s3 v1.58.0/go.mod h1:hdV0NTYd0RwV4FvNKhKUNbPLZoq9CTr/lke+3I7aCAI=
golang.org/x/image v0.18.0/go.mod h1:4yyo5vMFQjVjUcVk4jEQcU9MGy/rulF5WvUILseCM2E=
